// !$*UTF8*$!
{
	archiveVersion = 1;
	classes = {
	};
	objectVersion = 46;
	objects = {

/* Begin PBXBuildFile section */
		2960B2B11B1E785800C4C3A6 /* iAd.framework in Frameworks */ = {isa = PBXBuildFile; fileRef = 2960B2B01B1E785800C4C3A6 /* iAd.framework */; };
		29A4EA401B1E6762007BF292 /* MLResultsViewController.m in Sources */ = {isa = PBXBuildFile; fileRef = 29A4EA3F1B1E6762007BF292 /* MLResultsViewController.m */; };
		29BF42D91B1D50DE001D9789 /* main.m in Sources */ = {isa = PBXBuildFile; fileRef = 29BF42D81B1D50DE001D9789 /* main.m */; };
		29BF42DC1B1D50DE001D9789 /* AppDelegate.m in Sources */ = {isa = PBXBuildFile; fileRef = 29BF42DB1B1D50DE001D9789 /* AppDelegate.m */; };
		29BF42DF1B1D50DE001D9789 /* ViewController.m in Sources */ = {isa = PBXBuildFile; fileRef = 29BF42DE1B1D50DE001D9789 /* ViewController.m */; };
		29BF42E21B1D50DE001D9789 /* Main.storyboard in Resources */ = {isa = PBXBuildFile; fileRef = 29BF42E01B1D50DE001D9789 /* Main.storyboard */; };
		29BF42E41B1D50DE001D9789 /* Images.xcassets in Resources */ = {isa = PBXBuildFile; fileRef = 29BF42E31B1D50DE001D9789 /* Images.xcassets */; };
		29BF42E71B1D50DE001D9789 /* LaunchScreen.xib in Resources */ = {isa = PBXBuildFile; fileRef = 29BF42E51B1D50DE001D9789 /* LaunchScreen.xib */; };
		29BF42F31B1D50DE001D9789 /* FaceRateTests.m in Sources */ = {isa = PBXBuildFile; fileRef = 29BF42F21B1D50DE001D9789 /* FaceRateTests.m */; };
		29BF434F1B1D57F6001D9789 /* MLInstructionViewController.m in Sources */ = {isa = PBXBuildFile; fileRef = 29BF434E1B1D57F6001D9789 /* MLInstructionViewController.m */; };
		29BF43B41B1D5F63001D9789 /* FaceppAPI.m in Sources */ = {isa = PBXBuildFile; fileRef = 29BF43821B1D5F62001D9789 /* FaceppAPI.m */; };
		29BF43B51B1D5F63001D9789 /* FaceppClient.m in Sources */ = {isa = PBXBuildFile; fileRef = 29BF43851B1D5F63001D9789 /* FaceppClient.m */; };
		29BF43B61B1D5F63001D9789 /* FaceppDetection.m in Sources */ = {isa = PBXBuildFile; fileRef = 29BF43871B1D5F63001D9789 /* FaceppDetection.m */; };
		29BF43B71B1D5F63001D9789 /* FaceppFaceset.m in Sources */ = {isa = PBXBuildFile; fileRef = 29BF43891B1D5F63001D9789 /* FaceppFaceset.m */; };
		29BF43B81B1D5F63001D9789 /* FaceppGroup.m in Sources */ = {isa = PBXBuildFile; fileRef = 29BF438B1B1D5F63001D9789 /* FaceppGroup.m */; };
		29BF43B91B1D5F63001D9789 /* FaceppGrouping.m in Sources */ = {isa = PBXBuildFile; fileRef = 29BF438D1B1D5F63001D9789 /* FaceppGrouping.m */; };
		29BF43BA1B1D5F63001D9789 /* FaceppInfo.m in Sources */ = {isa = PBXBuildFile; fileRef = 29BF438F1B1D5F63001D9789 /* FaceppInfo.m */; };
		29BF43BB1B1D5F63001D9789 /* FaceppPerson.m in Sources */ = {isa = PBXBuildFile; fileRef = 29BF43911B1D5F63001D9789 /* FaceppPerson.m */; };
		29BF43BC1B1D5F63001D9789 /* FaceppRecognition.m in Sources */ = {isa = PBXBuildFile; fileRef = 29BF43931B1D5F63001D9789 /* FaceppRecognition.m */; };
		29BF43BD1B1D5F63001D9789 /* FaceppTrainer.m in Sources */ = {isa = PBXBuildFile; fileRef = 29BF43951B1D5F63001D9789 /* FaceppTrainer.m */; };
		29BF43BE1B1D5F63001D9789 /* FaceppError.m in Sources */ = {isa = PBXBuildFile; fileRef = 29BF43981B1D5F63001D9789 /* FaceppError.m */; };
		29BF43BF1B1D5F63001D9789 /* FaceppResult.m in Sources */ = {isa = PBXBuildFile; fileRef = 29BF439A1B1D5F63001D9789 /* FaceppResult.m */; };
		29BF43C01B1D5F63001D9789 /* CDataScanner.m in Sources */ = {isa = PBXBuildFile; fileRef = 29BF439D1B1D5F63001D9789 /* CDataScanner.m */; };
		29BF43C11B1D5F63001D9789 /* CFilteringJSONSerializer.m in Sources */ = {isa = PBXBuildFile; fileRef = 29BF43A01B1D5F63001D9789 /* CFilteringJSONSerializer.m */; };
		29BF43C21B1D5F63001D9789 /* CJSONDeserializer_BlocksExtensions.m in Sources */ = {isa = PBXBuildFile; fileRef = 29BF43A21B1D5F63001D9789 /* CJSONDeserializer_BlocksExtensions.m */; };
		29BF43C31B1D5F63001D9789 /* CJSONSerialization.m in Sources */ = {isa = PBXBuildFile; fileRef = 29BF43A41B1D5F63001D9789 /* CJSONSerialization.m */; };
		29BF43C41B1D5F63001D9789 /* CJSONSerializedData.m in Sources */ = {isa = PBXBuildFile; fileRef = 29BF43A61B1D5F63001D9789 /* CJSONSerializedData.m */; };
		29BF43C51B1D5F63001D9789 /* CDataScanner_Extensions.m in Sources */ = {isa = PBXBuildFile; fileRef = 29BF43A91B1D5F63001D9789 /* CDataScanner_Extensions.m */; };
		29BF43C61B1D5F63001D9789 /* NSDictionary_JSONExtensions.m in Sources */ = {isa = PBXBuildFile; fileRef = 29BF43AB1B1D5F63001D9789 /* NSDictionary_JSONExtensions.m */; };
		29BF43C71B1D5F63001D9789 /* CJSONDeserializer.m in Sources */ = {isa = PBXBuildFile; fileRef = 29BF43AE1B1D5F63001D9789 /* CJSONDeserializer.m */; };
		29BF43C81B1D5F63001D9789 /* CJSONScanner.m in Sources */ = {isa = PBXBuildFile; fileRef = 29BF43B01B1D5F63001D9789 /* CJSONScanner.m */; };
		29BF43C91B1D5F63001D9789 /* CJSONSerializer.m in Sources */ = {isa = PBXBuildFile; fileRef = 29BF43B21B1D5F63001D9789 /* CJSONSerializer.m */; };
/* End PBXBuildFile section */

/* Begin PBXContainerItemProxy section */
		29BF42ED1B1D50DE001D9789 /* PBXContainerItemProxy */ = {
			isa = PBXContainerItemProxy;
			containerPortal = 29BF42CB1B1D50DE001D9789 /* Project object */;
			proxyType = 1;
			remoteGlobalIDString = 29BF42D21B1D50DE001D9789;
			remoteInfo = FaceRate;
		};
/* End PBXContainerItemProxy section */

/* Begin PBXFileReference section */
		2960B2B01B1E785800C4C3A6 /* iAd.framework */ = {isa = PBXFileReference; lastKnownFileType = wrapper.framework; name = iAd.framework; path = System/Library/Frameworks/iAd.framework; sourceTree = SDKROOT; };
		29A4EA3E1B1E6762007BF292 /* MLResultsViewController.h */ = {isa = PBXFileReference; fileEncoding = 4; lastKnownFileType = sourcecode.c.h; path = MLResultsViewController.h; sourceTree = "<group>"; };
		29A4EA3F1B1E6762007BF292 /* MLResultsViewController.m */ = {isa = PBXFileReference; fileEncoding = 4; lastKnownFileType = sourcecode.c.objc; path = MLResultsViewController.m; sourceTree = "<group>"; };
		29BF42D31B1D50DE001D9789 /* FaceRate.app */ = {isa = PBXFileReference; explicitFileType = wrapper.application; includeInIndex = 0; path = FaceRate.app; sourceTree = BUILT_PRODUCTS_DIR; };
		29BF42D71B1D50DE001D9789 /* Info.plist */ = {isa = PBXFileReference; lastKnownFileType = text.plist.xml; path = Info.plist; sourceTree = "<group>"; };
		29BF42D81B1D50DE001D9789 /* main.m */ = {isa = PBXFileReference; lastKnownFileType = sourcecode.c.objc; path = main.m; sourceTree = "<group>"; };
		29BF42DA1B1D50DE001D9789 /* AppDelegate.h */ = {isa = PBXFileReference; lastKnownFileType = sourcecode.c.h; path = AppDelegate.h; sourceTree = "<group>"; };
		29BF42DB1B1D50DE001D9789 /* AppDelegate.m */ = {isa = PBXFileReference; lastKnownFileType = sourcecode.c.objc; path = AppDelegate.m; sourceTree = "<group>"; };
		29BF42DD1B1D50DE001D9789 /* ViewController.h */ = {isa = PBXFileReference; lastKnownFileType = sourcecode.c.h; path = ViewController.h; sourceTree = "<group>"; };
		29BF42DE1B1D50DE001D9789 /* ViewController.m */ = {isa = PBXFileReference; lastKnownFileType = sourcecode.c.objc; path = ViewController.m; sourceTree = "<group>"; };
		29BF42E11B1D50DE001D9789 /* Base */ = {isa = PBXFileReference; lastKnownFileType = file.storyboard; name = Base; path = Base.lproj/Main.storyboard; sourceTree = "<group>"; };
		29BF42E31B1D50DE001D9789 /* Images.xcassets */ = {isa = PBXFileReference; lastKnownFileType = folder.assetcatalog; path = Images.xcassets; sourceTree = "<group>"; };
		29BF42E61B1D50DE001D9789 /* Base */ = {isa = PBXFileReference; lastKnownFileType = file.xib; name = Base; path = Base.lproj/LaunchScreen.xib; sourceTree = "<group>"; };
		29BF42EC1B1D50DE001D9789 /* FaceRateTests.xctest */ = {isa = PBXFileReference; explicitFileType = wrapper.cfbundle; includeInIndex = 0; path = FaceRateTests.xctest; sourceTree = BUILT_PRODUCTS_DIR; };
		29BF42F11B1D50DE001D9789 /* Info.plist */ = {isa = PBXFileReference; lastKnownFileType = text.plist.xml; path = Info.plist; sourceTree = "<group>"; };
		29BF42F21B1D50DE001D9789 /* FaceRateTests.m */ = {isa = PBXFileReference; lastKnownFileType = sourcecode.c.objc; path = FaceRateTests.m; sourceTree = "<group>"; };
		29BF434D1B1D57F6001D9789 /* MLInstructionViewController.h */ = {isa = PBXFileReference; fileEncoding = 4; lastKnownFileType = sourcecode.c.h; path = MLInstructionViewController.h; sourceTree = "<group>"; };
		29BF434E1B1D57F6001D9789 /* MLInstructionViewController.m */ = {isa = PBXFileReference; fileEncoding = 4; lastKnownFileType = sourcecode.c.objc; path = MLInstructionViewController.m; sourceTree = "<group>"; };
		29BF43811B1D5F62001D9789 /* FaceppAPI.h */ = {isa = PBXFileReference; fileEncoding = 4; lastKnownFileType = sourcecode.c.h; path = FaceppAPI.h; sourceTree = "<group>"; };
		29BF43821B1D5F62001D9789 /* FaceppAPI.m */ = {isa = PBXFileReference; fileEncoding = 4; lastKnownFileType = sourcecode.c.objc; path = FaceppAPI.m; sourceTree = "<group>"; };
		29BF43841B1D5F63001D9789 /* FaceppClient.h */ = {isa = PBXFileReference; fileEncoding = 4; lastKnownFileType = sourcecode.c.h; path = FaceppClient.h; sourceTree = "<group>"; };
		29BF43851B1D5F63001D9789 /* FaceppClient.m */ = {isa = PBXFileReference; fileEncoding = 4; lastKnownFileType = sourcecode.c.objc; path = FaceppClient.m; sourceTree = "<group>"; };
		29BF43861B1D5F63001D9789 /* FaceppDetection.h */ = {isa = PBXFileReference; fileEncoding = 4; lastKnownFileType = sourcecode.c.h; path = FaceppDetection.h; sourceTree = "<group>"; };
		29BF43871B1D5F63001D9789 /* FaceppDetection.m */ = {isa = PBXFileReference; fileEncoding = 4; lastKnownFileType = sourcecode.c.objc; path = FaceppDetection.m; sourceTree = "<group>"; };
		29BF43881B1D5F63001D9789 /* FaceppFaceset.h */ = {isa = PBXFileReference; fileEncoding = 4; lastKnownFileType = sourcecode.c.h; path = FaceppFaceset.h; sourceTree = "<group>"; };
		29BF43891B1D5F63001D9789 /* FaceppFaceset.m */ = {isa = PBXFileReference; fileEncoding = 4; lastKnownFileType = sourcecode.c.objc; path = FaceppFaceset.m; sourceTree = "<group>"; };
		29BF438A1B1D5F63001D9789 /* FaceppGroup.h */ = {isa = PBXFileReference; fileEncoding = 4; lastKnownFileType = sourcecode.c.h; path = FaceppGroup.h; sourceTree = "<group>"; };
		29BF438B1B1D5F63001D9789 /* FaceppGroup.m */ = {isa = PBXFileReference; fileEncoding = 4; lastKnownFileType = sourcecode.c.objc; path = FaceppGroup.m; sourceTree = "<group>"; };
		29BF438C1B1D5F63001D9789 /* FaceppGrouping.h */ = {isa = PBXFileReference; fileEncoding = 4; lastKnownFileType = sourcecode.c.h; path = FaceppGrouping.h; sourceTree = "<group>"; };
		29BF438D1B1D5F63001D9789 /* FaceppGrouping.m */ = {isa = PBXFileReference; fileEncoding = 4; lastKnownFileType = sourcecode.c.objc; path = FaceppGrouping.m; sourceTree = "<group>"; };
		29BF438E1B1D5F63001D9789 /* FaceppInfo.h */ = {isa = PBXFileReference; fileEncoding = 4; lastKnownFileType = sourcecode.c.h; path = FaceppInfo.h; sourceTree = "<group>"; };
		29BF438F1B1D5F63001D9789 /* FaceppInfo.m */ = {isa = PBXFileReference; fileEncoding = 4; lastKnownFileType = sourcecode.c.objc; path = FaceppInfo.m; sourceTree = "<group>"; };
		29BF43901B1D5F63001D9789 /* FaceppPerson.h */ = {isa = PBXFileReference; fileEncoding = 4; lastKnownFileType = sourcecode.c.h; path = FaceppPerson.h; sourceTree = "<group>"; };
		29BF43911B1D5F63001D9789 /* FaceppPerson.m */ = {isa = PBXFileReference; fileEncoding = 4; lastKnownFileType = sourcecode.c.objc; path = FaceppPerson.m; sourceTree = "<group>"; };
		29BF43921B1D5F63001D9789 /* FaceppRecognition.h */ = {isa = PBXFileReference; fileEncoding = 4; lastKnownFileType = sourcecode.c.h; path = FaceppRecognition.h; sourceTree = "<group>"; };
		29BF43931B1D5F63001D9789 /* FaceppRecognition.m */ = {isa = PBXFileReference; fileEncoding = 4; lastKnownFileType = sourcecode.c.objc; path = FaceppRecognition.m; sourceTree = "<group>"; };
		29BF43941B1D5F63001D9789 /* FaceppTrainer.h */ = {isa = PBXFileReference; fileEncoding = 4; lastKnownFileType = sourcecode.c.h; path = FaceppTrainer.h; sourceTree = "<group>"; };
		29BF43951B1D5F63001D9789 /* FaceppTrainer.m */ = {isa = PBXFileReference; fileEncoding = 4; lastKnownFileType = sourcecode.c.objc; path = FaceppTrainer.m; sourceTree = "<group>"; };
		29BF43971B1D5F63001D9789 /* FaceppError.h */ = {isa = PBXFileReference; fileEncoding = 4; lastKnownFileType = sourcecode.c.h; path = FaceppError.h; sourceTree = "<group>"; };
		29BF43981B1D5F63001D9789 /* FaceppError.m */ = {isa = PBXFileReference; fileEncoding = 4; lastKnownFileType = sourcecode.c.objc; path = FaceppError.m; sourceTree = "<group>"; };
		29BF43991B1D5F63001D9789 /* FaceppResult.h */ = {isa = PBXFileReference; fileEncoding = 4; lastKnownFileType = sourcecode.c.h; path = FaceppResult.h; sourceTree = "<group>"; };
		29BF439A1B1D5F63001D9789 /* FaceppResult.m */ = {isa = PBXFileReference; fileEncoding = 4; lastKnownFileType = sourcecode.c.objc; path = FaceppResult.m; sourceTree = "<group>"; };
		29BF439C1B1D5F63001D9789 /* CDataScanner.h */ = {isa = PBXFileReference; fileEncoding = 4; lastKnownFileType = sourcecode.c.h; path = CDataScanner.h; sourceTree = "<group>"; };
		29BF439D1B1D5F63001D9789 /* CDataScanner.m */ = {isa = PBXFileReference; fileEncoding = 4; lastKnownFileType = sourcecode.c.objc; path = CDataScanner.m; sourceTree = "<group>"; };
		29BF439F1B1D5F63001D9789 /* CFilteringJSONSerializer.h */ = {isa = PBXFileReference; fileEncoding = 4; lastKnownFileType = sourcecode.c.h; path = CFilteringJSONSerializer.h; sourceTree = "<group>"; };
		29BF43A01B1D5F63001D9789 /* CFilteringJSONSerializer.m */ = {isa = PBXFileReference; fileEncoding = 4; lastKnownFileType = sourcecode.c.objc; path = CFilteringJSONSerializer.m; sourceTree = "<group>"; };
		29BF43A11B1D5F63001D9789 /* CJSONDeserializer_BlocksExtensions.h */ = {isa = PBXFileReference; fileEncoding = 4; lastKnownFileType = sourcecode.c.h; path = CJSONDeserializer_BlocksExtensions.h; sourceTree = "<group>"; };
		29BF43A21B1D5F63001D9789 /* CJSONDeserializer_BlocksExtensions.m */ = {isa = PBXFileReference; fileEncoding = 4; lastKnownFileType = sourcecode.c.objc; path = CJSONDeserializer_BlocksExtensions.m; sourceTree = "<group>"; };
		29BF43A31B1D5F63001D9789 /* CJSONSerialization.h */ = {isa = PBXFileReference; fileEncoding = 4; lastKnownFileType = sourcecode.c.h; path = CJSONSerialization.h; sourceTree = "<group>"; };
		29BF43A41B1D5F63001D9789 /* CJSONSerialization.m */ = {isa = PBXFileReference; fileEncoding = 4; lastKnownFileType = sourcecode.c.objc; path = CJSONSerialization.m; sourceTree = "<group>"; };
		29BF43A51B1D5F63001D9789 /* CJSONSerializedData.h */ = {isa = PBXFileReference; fileEncoding = 4; lastKnownFileType = sourcecode.c.h; path = CJSONSerializedData.h; sourceTree = "<group>"; };
		29BF43A61B1D5F63001D9789 /* CJSONSerializedData.m */ = {isa = PBXFileReference; fileEncoding = 4; lastKnownFileType = sourcecode.c.objc; path = CJSONSerializedData.m; sourceTree = "<group>"; };
		29BF43A81B1D5F63001D9789 /* CDataScanner_Extensions.h */ = {isa = PBXFileReference; fileEncoding = 4; lastKnownFileType = sourcecode.c.h; path = CDataScanner_Extensions.h; sourceTree = "<group>"; };
		29BF43A91B1D5F63001D9789 /* CDataScanner_Extensions.m */ = {isa = PBXFileReference; fileEncoding = 4; lastKnownFileType = sourcecode.c.objc; path = CDataScanner_Extensions.m; sourceTree = "<group>"; };
		29BF43AA1B1D5F63001D9789 /* NSDictionary_JSONExtensions.h */ = {isa = PBXFileReference; fileEncoding = 4; lastKnownFileType = sourcecode.c.h; path = NSDictionary_JSONExtensions.h; sourceTree = "<group>"; };
		29BF43AB1B1D5F63001D9789 /* NSDictionary_JSONExtensions.m */ = {isa = PBXFileReference; fileEncoding = 4; lastKnownFileType = sourcecode.c.objc; path = NSDictionary_JSONExtensions.m; sourceTree = "<group>"; };
		29BF43AD1B1D5F63001D9789 /* CJSONDeserializer.h */ = {isa = PBXFileReference; fileEncoding = 4; lastKnownFileType = sourcecode.c.h; path = CJSONDeserializer.h; sourceTree = "<group>"; };
		29BF43AE1B1D5F63001D9789 /* CJSONDeserializer.m */ = {isa = PBXFileReference; fileEncoding = 4; lastKnownFileType = sourcecode.c.objc; path = CJSONDeserializer.m; sourceTree = "<group>"; };
		29BF43AF1B1D5F63001D9789 /* CJSONScanner.h */ = {isa = PBXFileReference; fileEncoding = 4; lastKnownFileType = sourcecode.c.h; path = CJSONScanner.h; sourceTree = "<group>"; };
		29BF43B01B1D5F63001D9789 /* CJSONScanner.m */ = {isa = PBXFileReference; fileEncoding = 4; lastKnownFileType = sourcecode.c.objc; path = CJSONScanner.m; sourceTree = "<group>"; };
		29BF43B11B1D5F63001D9789 /* CJSONSerializer.h */ = {isa = PBXFileReference; fileEncoding = 4; lastKnownFileType = sourcecode.c.h; path = CJSONSerializer.h; sourceTree = "<group>"; };
		29BF43B21B1D5F63001D9789 /* CJSONSerializer.m */ = {isa = PBXFileReference; fileEncoding = 4; lastKnownFileType = sourcecode.c.objc; path = CJSONSerializer.m; sourceTree = "<group>"; };
		29BF43B31B1D5F63001D9789 /* JSONRepresentation.h */ = {isa = PBXFileReference; fileEncoding = 4; lastKnownFileType = sourcecode.c.h; path = JSONRepresentation.h; sourceTree = "<group>"; };
/* End PBXFileReference section */

/* Begin PBXFrameworksBuildPhase section */
		29BF42D01B1D50DE001D9789 /* Frameworks */ = {
			isa = PBXFrameworksBuildPhase;
			buildActionMask = 2147483647;
			files = (
				2960B2B11B1E785800C4C3A6 /* iAd.framework in Frameworks */,
			);
			runOnlyForDeploymentPostprocessing = 0;
		};
		29BF42E91B1D50DE001D9789 /* Frameworks */ = {
			isa = PBXFrameworksBuildPhase;
			buildActionMask = 2147483647;
			files = (
			);
			runOnlyForDeploymentPostprocessing = 0;
		};
/* End PBXFrameworksBuildPhase section */

/* Begin PBXGroup section */
		29BF42CA1B1D50DE001D9789 = {
			isa = PBXGroup;
			children = (
				2960B2B01B1E785800C4C3A6 /* iAd.framework */,
				29BF42D51B1D50DE001D9789 /* FaceRate */,
				29BF42EF1B1D50DE001D9789 /* FaceRateTests */,
				29BF42D41B1D50DE001D9789 /* Products */,
			);
			sourceTree = "<group>";
		};
		29BF42D41B1D50DE001D9789 /* Products */ = {
			isa = PBXGroup;
			children = (
				29BF42D31B1D50DE001D9789 /* FaceRate.app */,
				29BF42EC1B1D50DE001D9789 /* FaceRateTests.xctest */,
			);
			name = Products;
			sourceTree = "<group>";
		};
		29BF42D51B1D50DE001D9789 /* FaceRate */ = {
			isa = PBXGroup;
			children = (
				29BF43801B1D5F62001D9789 /* FaceppSDK */,
				29BF42DA1B1D50DE001D9789 /* AppDelegate.h */,
				29BF42DB1B1D50DE001D9789 /* AppDelegate.m */,
				29BF42FC1B1D53CE001D9789 /* Controllers */,
				29BF42E01B1D50DE001D9789 /* Main.storyboard */,
				29BF42E31B1D50DE001D9789 /* Images.xcassets */,
				29BF42E51B1D50DE001D9789 /* LaunchScreen.xib */,
				29BF42D61B1D50DE001D9789 /* Supporting Files */,
			);
			path = FaceRate;
			sourceTree = "<group>";
		};
		29BF42D61B1D50DE001D9789 /* Supporting Files */ = {
			isa = PBXGroup;
			children = (
				29BF42D71B1D50DE001D9789 /* Info.plist */,
				29BF42D81B1D50DE001D9789 /* main.m */,
			);
			name = "Supporting Files";
			sourceTree = "<group>";
		};
		29BF42EF1B1D50DE001D9789 /* FaceRateTests */ = {
			isa = PBXGroup;
			children = (
				29BF42F21B1D50DE001D9789 /* FaceRateTests.m */,
				29BF42F01B1D50DE001D9789 /* Supporting Files */,
			);
			path = FaceRateTests;
			sourceTree = "<group>";
		};
		29BF42F01B1D50DE001D9789 /* Supporting Files */ = {
			isa = PBXGroup;
			children = (
				29BF42F11B1D50DE001D9789 /* Info.plist */,
			);
			name = "Supporting Files";
			sourceTree = "<group>";
		};
		29BF42FC1B1D53CE001D9789 /* Controllers */ = {
			isa = PBXGroup;
			children = (
				29BF42DD1B1D50DE001D9789 /* ViewController.h */,
				29BF42DE1B1D50DE001D9789 /* ViewController.m */,
				29BF434D1B1D57F6001D9789 /* MLInstructionViewController.h */,
				29BF434E1B1D57F6001D9789 /* MLInstructionViewController.m */,
				29A4EA3E1B1E6762007BF292 /* MLResultsViewController.h */,
				29A4EA3F1B1E6762007BF292 /* MLResultsViewController.m */,
			);
			name = Controllers;
			sourceTree = "<group>";
		};
		29BF43801B1D5F62001D9789 /* FaceppSDK */ = {
			isa = PBXGroup;
			children = (
				29BF43811B1D5F62001D9789 /* FaceppAPI.h */,
				29BF43821B1D5F62001D9789 /* FaceppAPI.m */,
				29BF43831B1D5F62001D9789 /* FaceppAPISource */,
				29BF43961B1D5F63001D9789 /* FaceppResult */,
				29BF439B1B1D5F63001D9789 /* TouchJSON */,
			);
			path = FaceppSDK;
			sourceTree = "<group>";
		};
		29BF43831B1D5F62001D9789 /* FaceppAPISource */ = {
			isa = PBXGroup;
			children = (
				29BF43841B1D5F63001D9789 /* FaceppClient.h */,
				29BF43851B1D5F63001D9789 /* FaceppClient.m */,
				29BF43861B1D5F63001D9789 /* FaceppDetection.h */,
				29BF43871B1D5F63001D9789 /* FaceppDetection.m */,
				29BF43881B1D5F63001D9789 /* FaceppFaceset.h */,
				29BF43891B1D5F63001D9789 /* FaceppFaceset.m */,
				29BF438A1B1D5F63001D9789 /* FaceppGroup.h */,
				29BF438B1B1D5F63001D9789 /* FaceppGroup.m */,
				29BF438C1B1D5F63001D9789 /* FaceppGrouping.h */,
				29BF438D1B1D5F63001D9789 /* FaceppGrouping.m */,
				29BF438E1B1D5F63001D9789 /* FaceppInfo.h */,
				29BF438F1B1D5F63001D9789 /* FaceppInfo.m */,
				29BF43901B1D5F63001D9789 /* FaceppPerson.h */,
				29BF43911B1D5F63001D9789 /* FaceppPerson.m */,
				29BF43921B1D5F63001D9789 /* FaceppRecognition.h */,
				29BF43931B1D5F63001D9789 /* FaceppRecognition.m */,
				29BF43941B1D5F63001D9789 /* FaceppTrainer.h */,
				29BF43951B1D5F63001D9789 /* FaceppTrainer.m */,
			);
			path = FaceppAPISource;
			sourceTree = "<group>";
		};
		29BF43961B1D5F63001D9789 /* FaceppResult */ = {
			isa = PBXGroup;
			children = (
				29BF43971B1D5F63001D9789 /* FaceppError.h */,
				29BF43981B1D5F63001D9789 /* FaceppError.m */,
				29BF43991B1D5F63001D9789 /* FaceppResult.h */,
				29BF439A1B1D5F63001D9789 /* FaceppResult.m */,
			);
			path = FaceppResult;
			sourceTree = "<group>";
		};
		29BF439B1B1D5F63001D9789 /* TouchJSON */ = {
			isa = PBXGroup;
			children = (
				29BF439C1B1D5F63001D9789 /* CDataScanner.h */,
				29BF439D1B1D5F63001D9789 /* CDataScanner.m */,
				29BF439E1B1D5F63001D9789 /* Experimental */,
				29BF43A71B1D5F63001D9789 /* Extensions */,
				29BF43AC1B1D5F63001D9789 /* JSON */,
			);
			path = TouchJSON;
			sourceTree = "<group>";
		};
		29BF439E1B1D5F63001D9789 /* Experimental */ = {
			isa = PBXGroup;
			children = (
				29BF439F1B1D5F63001D9789 /* CFilteringJSONSerializer.h */,
				29BF43A01B1D5F63001D9789 /* CFilteringJSONSerializer.m */,
				29BF43A11B1D5F63001D9789 /* CJSONDeserializer_BlocksExtensions.h */,
				29BF43A21B1D5F63001D9789 /* CJSONDeserializer_BlocksExtensions.m */,
				29BF43A31B1D5F63001D9789 /* CJSONSerialization.h */,
				29BF43A41B1D5F63001D9789 /* CJSONSerialization.m */,
				29BF43A51B1D5F63001D9789 /* CJSONSerializedData.h */,
				29BF43A61B1D5F63001D9789 /* CJSONSerializedData.m */,
			);
			path = Experimental;
			sourceTree = "<group>";
		};
		29BF43A71B1D5F63001D9789 /* Extensions */ = {
			isa = PBXGroup;
			children = (
				29BF43A81B1D5F63001D9789 /* CDataScanner_Extensions.h */,
				29BF43A91B1D5F63001D9789 /* CDataScanner_Extensions.m */,
				29BF43AA1B1D5F63001D9789 /* NSDictionary_JSONExtensions.h */,
				29BF43AB1B1D5F63001D9789 /* NSDictionary_JSONExtensions.m */,
			);
			path = Extensions;
			sourceTree = "<group>";
		};
		29BF43AC1B1D5F63001D9789 /* JSON */ = {
			isa = PBXGroup;
			children = (
				29BF43AD1B1D5F63001D9789 /* CJSONDeserializer.h */,
				29BF43AE1B1D5F63001D9789 /* CJSONDeserializer.m */,
				29BF43AF1B1D5F63001D9789 /* CJSONScanner.h */,
				29BF43B01B1D5F63001D9789 /* CJSONScanner.m */,
				29BF43B11B1D5F63001D9789 /* CJSONSerializer.h */,
				29BF43B21B1D5F63001D9789 /* CJSONSerializer.m */,
				29BF43B31B1D5F63001D9789 /* JSONRepresentation.h */,
			);
			path = JSON;
			sourceTree = "<group>";
		};
/* End PBXGroup section */

/* Begin PBXNativeTarget section */
		29BF42D21B1D50DE001D9789 /* FaceRate */ = {
			isa = PBXNativeTarget;
			buildConfigurationList = 29BF42F61B1D50DE001D9789 /* Build configuration list for PBXNativeTarget "FaceRate" */;
			buildPhases = (
				29BF42CF1B1D50DE001D9789 /* Sources */,
				29BF42D01B1D50DE001D9789 /* Frameworks */,
				29BF42D11B1D50DE001D9789 /* Resources */,
			);
			buildRules = (
			);
			dependencies = (
			);
			name = FaceRate;
			productName = FaceRate;
			productReference = 29BF42D31B1D50DE001D9789 /* FaceRate.app */;
			productType = "com.apple.product-type.application";
		};
		29BF42EB1B1D50DE001D9789 /* FaceRateTests */ = {
			isa = PBXNativeTarget;
			buildConfigurationList = 29BF42F91B1D50DE001D9789 /* Build configuration list for PBXNativeTarget "FaceRateTests" */;
			buildPhases = (
				29BF42E81B1D50DE001D9789 /* Sources */,
				29BF42E91B1D50DE001D9789 /* Frameworks */,
				29BF42EA1B1D50DE001D9789 /* Resources */,
			);
			buildRules = (
			);
			dependencies = (
				29BF42EE1B1D50DE001D9789 /* PBXTargetDependency */,
			);
			name = FaceRateTests;
			productName = FaceRateTests;
			productReference = 29BF42EC1B1D50DE001D9789 /* FaceRateTests.xctest */;
			productType = "com.apple.product-type.bundle.unit-test";
		};
/* End PBXNativeTarget section */

/* Begin PBXProject section */
		29BF42CB1B1D50DE001D9789 /* Project object */ = {
			isa = PBXProject;
			attributes = {
				LastUpgradeCheck = 0630;
				ORGANIZATIONNAME = FaceRate;
				TargetAttributes = {
					29BF42D21B1D50DE001D9789 = {
						CreatedOnToolsVersion = 6.3.1;
					};
					29BF42EB1B1D50DE001D9789 = {
						CreatedOnToolsVersion = 6.3.1;
						TestTargetID = 29BF42D21B1D50DE001D9789;
					};
				};
			};
			buildConfigurationList = 29BF42CE1B1D50DE001D9789 /* Build configuration list for PBXProject "FaceRate" */;
			compatibilityVersion = "Xcode 3.2";
			developmentRegion = English;
			hasScannedForEncodings = 0;
			knownRegions = (
				en,
				Base,
			);
			mainGroup = 29BF42CA1B1D50DE001D9789;
			productRefGroup = 29BF42D41B1D50DE001D9789 /* Products */;
			projectDirPath = "";
			projectRoot = "";
			targets = (
				29BF42D21B1D50DE001D9789 /* FaceRate */,
				29BF42EB1B1D50DE001D9789 /* FaceRateTests */,
			);
		};
/* End PBXProject section */

/* Begin PBXResourcesBuildPhase section */
		29BF42D11B1D50DE001D9789 /* Resources */ = {
			isa = PBXResourcesBuildPhase;
			buildActionMask = 2147483647;
			files = (
				29BF42E21B1D50DE001D9789 /* Main.storyboard in Resources */,
				29BF42E71B1D50DE001D9789 /* LaunchScreen.xib in Resources */,
				29BF42E41B1D50DE001D9789 /* Images.xcassets in Resources */,
			);
			runOnlyForDeploymentPostprocessing = 0;
		};
		29BF42EA1B1D50DE001D9789 /* Resources */ = {
			isa = PBXResourcesBuildPhase;
			buildActionMask = 2147483647;
			files = (
			);
			runOnlyForDeploymentPostprocessing = 0;
		};
/* End PBXResourcesBuildPhase section */

/* Begin PBXSourcesBuildPhase section */
		29BF42CF1B1D50DE001D9789 /* Sources */ = {
			isa = PBXSourcesBuildPhase;
			buildActionMask = 2147483647;
			files = (
				29BF43BE1B1D5F63001D9789 /* FaceppError.m in Sources */,
				29BF43BB1B1D5F63001D9789 /* FaceppPerson.m in Sources */,
				29BF42DF1B1D50DE001D9789 /* ViewController.m in Sources */,
				29BF43BA1B1D5F63001D9789 /* FaceppInfo.m in Sources */,
				29BF43B61B1D5F63001D9789 /* FaceppDetection.m in Sources */,
				29BF42DC1B1D50DE001D9789 /* AppDelegate.m in Sources */,
				29BF43C41B1D5F63001D9789 /* CJSONSerializedData.m in Sources */,
				29BF43B91B1D5F63001D9789 /* FaceppGrouping.m in Sources */,
				29BF43C21B1D5F63001D9789 /* CJSONDeserializer_BlocksExtensions.m in Sources */,
				29BF43B71B1D5F63001D9789 /* FaceppFaceset.m in Sources */,
				29BF43B51B1D5F63001D9789 /* FaceppClient.m in Sources */,
				29BF43B41B1D5F63001D9789 /* FaceppAPI.m in Sources */,
				29BF43C11B1D5F63001D9789 /* CFilteringJSONSerializer.m in Sources */,
				29A4EA401B1E6762007BF292 /* MLResultsViewController.m in Sources */,
				29BF43C71B1D5F63001D9789 /* CJSONDeserializer.m in Sources */,
				29BF43BC1B1D5F63001D9789 /* FaceppRecognition.m in Sources */,
				29BF434F1B1D57F6001D9789 /* MLInstructionViewController.m in Sources */,
				29BF43C61B1D5F63001D9789 /* NSDictionary_JSONExtensions.m in Sources */,
				29BF43B81B1D5F63001D9789 /* FaceppGroup.m in Sources */,
				29BF43C01B1D5F63001D9789 /* CDataScanner.m in Sources */,
				29BF43C81B1D5F63001D9789 /* CJSONScanner.m in Sources */,
				29BF42D91B1D50DE001D9789 /* main.m in Sources */,
				29BF43C31B1D5F63001D9789 /* CJSONSerialization.m in Sources */,
				29BF43BD1B1D5F63001D9789 /* FaceppTrainer.m in Sources */,
				29BF43C91B1D5F63001D9789 /* CJSONSerializer.m in Sources */,
				29BF43BF1B1D5F63001D9789 /* FaceppResult.m in Sources */,
				29BF43C51B1D5F63001D9789 /* CDataScanner_Extensions.m in Sources */,
			);
			runOnlyForDeploymentPostprocessing = 0;
		};
		29BF42E81B1D50DE001D9789 /* Sources */ = {
			isa = PBXSourcesBuildPhase;
			buildActionMask = 2147483647;
			files = (
				29BF42F31B1D50DE001D9789 /* FaceRateTests.m in Sources */,
			);
			runOnlyForDeploymentPostprocessing = 0;
		};
/* End PBXSourcesBuildPhase section */

/* Begin PBXTargetDependency section */
		29BF42EE1B1D50DE001D9789 /* PBXTargetDependency */ = {
			isa = PBXTargetDependency;
			target = 29BF42D21B1D50DE001D9789 /* FaceRate */;
			targetProxy = 29BF42ED1B1D50DE001D9789 /* PBXContainerItemProxy */;
		};
/* End PBXTargetDependency section */

/* Begin PBXVariantGroup section */
		29BF42E01B1D50DE001D9789 /* Main.storyboard */ = {
			isa = PBXVariantGroup;
			children = (
				29BF42E11B1D50DE001D9789 /* Base */,
			);
			name = Main.storyboard;
			sourceTree = "<group>";
		};
		29BF42E51B1D50DE001D9789 /* LaunchScreen.xib */ = {
			isa = PBXVariantGroup;
			children = (
				29BF42E61B1D50DE001D9789 /* Base */,
			);
			name = LaunchScreen.xib;
			sourceTree = "<group>";
		};
/* End PBXVariantGroup section */

/* Begin XCBuildConfiguration section */
		29BF42F41B1D50DE001D9789 /* Debug */ = {
			isa = XCBuildConfiguration;
			buildSettings = {
				ALWAYS_SEARCH_USER_PATHS = NO;
				CLANG_CXX_LANGUAGE_STANDARD = "gnu++0x";
				CLANG_CXX_LIBRARY = "libc++";
				CLANG_ENABLE_MODULES = YES;
				CLANG_ENABLE_OBJC_ARC = YES;
				CLANG_WARN_BOOL_CONVERSION = YES;
				CLANG_WARN_CONSTANT_CONVERSION = YES;
				CLANG_WARN_DIRECT_OBJC_ISA_USAGE = YES_ERROR;
				CLANG_WARN_EMPTY_BODY = YES;
				CLANG_WARN_ENUM_CONVERSION = YES;
				CLANG_WARN_INT_CONVERSION = YES;
				CLANG_WARN_OBJC_ROOT_CLASS = YES_ERROR;
				CLANG_WARN_UNREACHABLE_CODE = YES;
				CLANG_WARN__DUPLICATE_METHOD_MATCH = YES;
				"CODE_SIGN_IDENTITY[sdk=iphoneos*]" = "iPhone Developer";
				COPY_PHASE_STRIP = NO;
				DEBUG_INFORMATION_FORMAT = "dwarf-with-dsym";
				ENABLE_STRICT_OBJC_MSGSEND = YES;
				GCC_C_LANGUAGE_STANDARD = gnu99;
				GCC_DYNAMIC_NO_PIC = NO;
				GCC_NO_COMMON_BLOCKS = YES;
				GCC_OPTIMIZATION_LEVEL = 0;
				GCC_PREPROCESSOR_DEFINITIONS = (
					"DEBUG=1",
					"$(inherited)",
				);
				GCC_SYMBOLS_PRIVATE_EXTERN = NO;
				GCC_WARN_64_TO_32_BIT_CONVERSION = YES;
				GCC_WARN_ABOUT_RETURN_TYPE = YES_ERROR;
				GCC_WARN_UNDECLARED_SELECTOR = YES;
				GCC_WARN_UNINITIALIZED_AUTOS = YES_AGGRESSIVE;
				GCC_WARN_UNUSED_FUNCTION = YES;
				GCC_WARN_UNUSED_VARIABLE = YES;
				IPHONEOS_DEPLOYMENT_TARGET = 8.3;
				MTL_ENABLE_DEBUG_INFO = YES;
				ONLY_ACTIVE_ARCH = YES;
				SDKROOT = iphoneos;
			};
			name = Debug;
		};
		29BF42F51B1D50DE001D9789 /* Release */ = {
			isa = XCBuildConfiguration;
			buildSettings = {
				ALWAYS_SEARCH_USER_PATHS = NO;
				CLANG_CXX_LANGUAGE_STANDARD = "gnu++0x";
				CLANG_CXX_LIBRARY = "libc++";
				CLANG_ENABLE_MODULES = YES;
				CLANG_ENABLE_OBJC_ARC = YES;
				CLANG_WARN_BOOL_CONVERSION = YES;
				CLANG_WARN_CONSTANT_CONVERSION = YES;
				CLANG_WARN_DIRECT_OBJC_ISA_USAGE = YES_ERROR;
				CLANG_WARN_EMPTY_BODY = YES;
				CLANG_WARN_ENUM_CONVERSION = YES;
				CLANG_WARN_INT_CONVERSION = YES;
				CLANG_WARN_OBJC_ROOT_CLASS = YES_ERROR;
				CLANG_WARN_UNREACHABLE_CODE = YES;
				CLANG_WARN__DUPLICATE_METHOD_MATCH = YES;
				"CODE_SIGN_IDENTITY[sdk=iphoneos*]" = "iPhone Developer";
				COPY_PHASE_STRIP = NO;
				DEBUG_INFORMATION_FORMAT = "dwarf-with-dsym";
				ENABLE_NS_ASSERTIONS = NO;
				ENABLE_STRICT_OBJC_MSGSEND = YES;
				GCC_C_LANGUAGE_STANDARD = gnu99;
				GCC_NO_COMMON_BLOCKS = YES;
				GCC_WARN_64_TO_32_BIT_CONVERSION = YES;
				GCC_WARN_ABOUT_RETURN_TYPE = YES_ERROR;
				GCC_WARN_UNDECLARED_SELECTOR = YES;
				GCC_WARN_UNINITIALIZED_AUTOS = YES_AGGRESSIVE;
				GCC_WARN_UNUSED_FUNCTION = YES;
				GCC_WARN_UNUSED_VARIABLE = YES;
				IPHONEOS_DEPLOYMENT_TARGET = 8.3;
				MTL_ENABLE_DEBUG_INFO = NO;
				SDKROOT = iphoneos;
				VALIDATE_PRODUCT = YES;
			};
			name = Release;
		};
		29BF42F71B1D50DE001D9789 /* Debug */ = {
			isa = XCBuildConfiguration;
			buildSettings = {
				ASSETCATALOG_COMPILER_APPICON_NAME = AppIcon;
				CLANG_ENABLE_OBJC_ARC = NO;
				INFOPLIST_FILE = FaceRate/Info.plist;
				LD_RUNPATH_SEARCH_PATHS = "$(inherited) @executable_path/Frameworks";
				PRODUCT_NAME = "$(TARGET_NAME)";
			};
			name = Debug;
		};
		29BF42F81B1D50DE001D9789 /* Release */ = {
			isa = XCBuildConfiguration;
			buildSettings = {
				ASSETCATALOG_COMPILER_APPICON_NAME = AppIcon;
				CLANG_ENABLE_OBJC_ARC = NO;
				INFOPLIST_FILE = FaceRate/Info.plist;
				LD_RUNPATH_SEARCH_PATHS = "$(inherited) @executable_path/Frameworks";
				PRODUCT_NAME = "$(TARGET_NAME)";
			};
			name = Release;
		};
		29BF42FA1B1D50DE001D9789 /* Debug */ = {
			isa = XCBuildConfiguration;
			buildSettings = {
				BUNDLE_LOADER = "$(TEST_HOST)";
				FRAMEWORK_SEARCH_PATHS = (
					"$(SDKROOT)/Developer/Library/Frameworks",
					"$(inherited)",
				);
				GCC_PREPROCESSOR_DEFINITIONS = (
					"DEBUG=1",
					"$(inherited)",
				);
				INFOPLIST_FILE = FaceRateTests/Info.plist;
				LD_RUNPATH_SEARCH_PATHS = "$(inherited) @executable_path/Frameworks @loader_path/Frameworks";
				PRODUCT_NAME = "$(TARGET_NAME)";
				TEST_HOST = "$(BUILT_PRODUCTS_DIR)/FaceRate.app/FaceRate";
			};
			name = Debug;
		};
		29BF42FB1B1D50DE001D9789 /* Release */ = {
			isa = XCBuildConfiguration;
			buildSettings = {
				BUNDLE_LOADER = "$(TEST_HOST)";
				FRAMEWORK_SEARCH_PATHS = (
					"$(SDKROOT)/Developer/Library/Frameworks",
					"$(inherited)",
				);
				INFOPLIST_FILE = FaceRateTests/Info.plist;
				LD_RUNPATH_SEARCH_PATHS = "$(inherited) @executable_path/Frameworks @loader_path/Frameworks";
				PRODUCT_NAME = "$(TARGET_NAME)";
				TEST_HOST = "$(BUILT_PRODUCTS_DIR)/FaceRate.app/FaceRate";
			};
			name = Release;
		};
/* End XCBuildConfiguration section */

/* Begin XCConfigurationList section */
		29BF42CE1B1D50DE001D9789 /* Build configuration list for PBXProject "FaceRate" */ = {
			isa = XCConfigurationList;
			buildConfigurations = (
				29BF42F41B1D50DE001D9789 /* Debug */,
				29BF42F51B1D50DE001D9789 /* Release */,
			);
			defaultConfigurationIsVisible = 0;
			defaultConfigurationName = Release;
		};
		29BF42F61B1D50DE001D9789 /* Build configuration list for PBXNativeTarget "FaceRate" */ = {
			isa = XCConfigurationList;
			buildConfigurations = (
				29BF42F71B1D50DE001D9789 /* Debug */,
				29BF42F81B1D50DE001D9789 /* Release */,
			);
			defaultConfigurationIsVisible = 0;
			defaultConfigurationName = Release;
		};
		29BF42F91B1D50DE001D9789 /* Build configuration list for PBXNativeTarget "FaceRateTests" */ = {
			isa = XCConfigurationList;
			buildConfigurations = (
				29BF42FA1B1D50DE001D9789 /* Debug */,
				29BF42FB1B1D50DE001D9789 /* Release */,
			);
			defaultConfigurationIsVisible = 0;
			defaultConfigurationName = Release;
		};
/* End XCConfigurationList section */
	};
	rootObject = 29BF42CB1B1D50DE001D9789 /* Project object */;
}
